{
	"name": "@ring-ui/storybook-header",
	"version": "1.0.2",
	"lockfileVersion": 1,
	"requires": true,
	"dependencies": {
		"@babel/code-frame": {
			"version": "7.12.13",
			"resolved": "https://registry.npmjs.org/@babel/code-frame/-/code-frame-7.12.13.tgz",
			"integrity": "sha512-HV1Cm0Q3ZrpCR93tkWOYiuYIgLxZXZFVG2VgK+MBWjUqZTundupbfx2aXarXuw5Ko5aMcjtJgbSs4vUGBS5v6g==",
			"requires": {
				"@babel/highlight": "^7.12.13"
			}
		},
		"@babel/helper-validator-identifier": {
			"version": "7.12.11",
			"resolved": "https://registry.npmjs.org/@babel/helper-validator-identifier/-/helper-validator-identifier-7.12.11.tgz",
			"integrity": "sha512-np/lG3uARFybkoHokJUmf1QfEvRVCPbmQeUQpKow5cQ3xWrV9i3rUHodKDJPQfTVX61qKi+UdYk8kik84n7XOw=="
		},
		"@babel/highlight": {
			"version": "7.13.10",
			"resolved": "https://registry.npmjs.org/@babel/highlight/-/highlight-7.13.10.tgz",
			"integrity": "sha512-5aPpe5XQPzflQrFwL1/QoeHkP2MsA4JCntcXHRhEsdsfPVkvPi2w7Qix4iV7t5S/oC9OodGrggd8aco1g3SZFg==",
			"requires": {
				"@babel/helper-validator-identifier": "^7.12.11",
				"chalk": "^2.0.0",
				"js-tokens": "^4.0.0"
			}
		},
		"@jetbrains/logos": {
			"version": "1.4.13",
			"resolved": "https://registry.npmjs.org/@jetbrains/logos/-/logos-1.4.13.tgz",
			"integrity": "sha512-WdletHH8+CdG9JVLRVf3YhkMT2e7lbyiAr/EtdlHhLGyiC4W39dviMzu3BLlWGZsArIFhWr135vPe7CTQxkp4Q=="
		},
		"@primer/octicons": {
			"version": "13.0.0",
			"resolved": "https://registry.npmjs.org/@primer/octicons/-/octicons-13.0.0.tgz",
			"integrity": "sha512-kMNu3Ny3eocOTl2hxRC0YX0na7zJwpSIQNiZqmyqbLMKp2YwNAwk5Tan4RLGe35f30st+EbNq15dEjiMzslAcw==",
			"requires": {
				"object-assign": "^4.1.1"
			}
		},
		"@types/eslint": {
			"version": "7.2.9",
			"resolved": "https://registry.npmjs.org/@types/eslint/-/eslint-7.2.9.tgz",
			"integrity": "sha512-SdAAXZNvWfhtf3X3y1cbbCZhP3xyPh7mfTvzV6CgfWc/ZhiHpyr9bVroe2/RCHIf7gczaNcprhaBLsx0CCJHQA==",
			"requires": {
				"@types/estree": "*",
				"@types/json-schema": "*"
			}
		},
		"@types/eslint-scope": {
			"version": "3.7.0",
			"resolved": "https://registry.npmjs.org/@types/eslint-scope/-/eslint-scope-3.7.0.tgz",
			"integrity": "sha512-O/ql2+rrCUe2W2rs7wMR+GqPRcgB6UiqN5RhrR5xruFlY7l9YLMn0ZkDzjoHLeiFkR8MCQZVudUuuvQ2BLC9Qw==",
			"requires": {
				"@types/eslint": "*",
				"@types/estree": "*"
			}
		},
		"@types/estree": {
			"version": "0.0.46",
			"resolved": "https://registry.npmjs.org/@types/estree/-/estree-0.0.46.tgz",
			"integrity": "sha512-laIjwTQaD+5DukBZaygQ79K1Z0jb1bPEMRrkXSLjtCcZm+abyp5YbrqpSLzD42FwWW6gK/aS4NYpJ804nG2brg=="
		},
		"@types/json-schema": {
			"version": "7.0.7",
			"resolved": "https://registry.npmjs.org/@types/json-schema/-/json-schema-7.0.7.tgz",
			"integrity": "sha512-cxWFQVseBm6O9Gbw1IWb8r6OS4OhSt3hPZLkFApLjM8TEXROBuQGLAH2i2gZpcXdLBIrpXuTDhH7Vbm1iXmNGA=="
		},
		"@types/node": {
			"version": "14.14.37",
			"resolved": "https://registry.npmjs.org/@types/node/-/node-14.14.37.tgz",
			"integrity": "sha512-XYmBiy+ohOR4Lh5jE379fV2IU+6Jn4g5qASinhitfyO71b/sCo6MKsMLF5tc7Zf2CE8hViVQyYSobJNke8OvUw=="
		},
		"@types/parse-json": {
			"version": "4.0.0",
			"resolved": "https://registry.npmjs.org/@types/parse-json/-/parse-json-4.0.0.tgz",
			"integrity": "sha512-//oorEZjL6sbPcKUaCdIGlIUeH26mgzimjBB77G6XRgnDl/L5wOnpyBGRe/Mmf5CVW3PwEBE1NjiMZ/ssFh4wA=="
		},
		"@webassemblyjs/ast": {
			"version": "1.11.0",
			"resolved": "https://registry.npmjs.org/@webassemblyjs/ast/-/ast-1.11.0.tgz",
			"integrity": "sha512-kX2W49LWsbthrmIRMbQZuQDhGtjyqXfEmmHyEi4XWnSZtPmxY0+3anPIzsnRb45VH/J55zlOfWvZuY47aJZTJg==",
			"requires": {
				"@webassemblyjs/helper-numbers": "1.11.0",
				"@webassemblyjs/helper-wasm-bytecode": "1.11.0"
			}
		},
		"@webassemblyjs/floating-point-hex-parser": {
			"version": "1.11.0",
			"resolved": "https://registry.npmjs.org/@webassemblyjs/floating-point-hex-parser/-/floating-point-hex-parser-1.11.0.tgz",
			"integrity": "sha512-Q/aVYs/VnPDVYvsCBL/gSgwmfjeCb4LW8+TMrO3cSzJImgv8lxxEPM2JA5jMrivE7LSz3V+PFqtMbls3m1exDA=="
		},
		"@webassemblyjs/helper-api-error": {
			"version": "1.11.0",
			"resolved": "https://registry.npmjs.org/@webassemblyjs/helper-api-error/-/helper-api-error-1.11.0.tgz",
			"integrity": "sha512-baT/va95eXiXb2QflSx95QGT5ClzWpGaa8L7JnJbgzoYeaA27FCvuBXU758l+KXWRndEmUXjP0Q5fibhavIn8w=="
		},
		"@webassemblyjs/helper-buffer": {
			"version": "1.11.0",
			"resolved": "https://registry.npmjs.org/@webassemblyjs/helper-buffer/-/helper-buffer-1.11.0.tgz",
			"integrity": "sha512-u9HPBEl4DS+vA8qLQdEQ6N/eJQ7gT7aNvMIo8AAWvAl/xMrcOSiI2M0MAnMCy3jIFke7bEee/JwdX1nUpCtdyA=="
		},
		"@webassemblyjs/helper-numbers": {
			"version": "1.11.0",
			"resolved": "https://registry.npmjs.org/@webassemblyjs/helper-numbers/-/helper-numbers-1.11.0.tgz",
			"integrity": "sha512-DhRQKelIj01s5IgdsOJMKLppI+4zpmcMQ3XboFPLwCpSNH6Hqo1ritgHgD0nqHeSYqofA6aBN/NmXuGjM1jEfQ==",
			"requires": {
				"@webassemblyjs/floating-point-hex-parser": "1.11.0",
				"@webassemblyjs/helper-api-error": "1.11.0",
				"@xtuc/long": "4.2.2"
			}
		},
		"@webassemblyjs/helper-wasm-bytecode": {
			"version": "1.11.0",
			"resolved": "https://registry.npmjs.org/@webassemblyjs/helper-wasm-bytecode/-/helper-wasm-bytecode-1.11.0.tgz",
			"integrity": "sha512-MbmhvxXExm542tWREgSFnOVo07fDpsBJg3sIl6fSp9xuu75eGz5lz31q7wTLffwL3Za7XNRCMZy210+tnsUSEA=="
		},
		"@webassemblyjs/helper-wasm-section": {
			"version": "1.11.0",
			"resolved": "https://registry.npmjs.org/@webassemblyjs/helper-wasm-section/-/helper-wasm-section-1.11.0.tgz",
			"integrity": "sha512-3Eb88hcbfY/FCukrg6i3EH8H2UsD7x8Vy47iVJrP967A9JGqgBVL9aH71SETPx1JrGsOUVLo0c7vMCN22ytJew==",
			"requires": {
				"@webassemblyjs/ast": "1.11.0",
				"@webassemblyjs/helper-buffer": "1.11.0",
				"@webassemblyjs/helper-wasm-bytecode": "1.11.0",
				"@webassemblyjs/wasm-gen": "1.11.0"
			}
		},
		"@webassemblyjs/ieee754": {
			"version": "1.11.0",
			"resolved": "https://registry.npmjs.org/@webassemblyjs/ieee754/-/ieee754-1.11.0.tgz",
			"integrity": "sha512-KXzOqpcYQwAfeQ6WbF6HXo+0udBNmw0iXDmEK5sFlmQdmND+tr773Ti8/5T/M6Tl/413ArSJErATd8In3B+WBA==",
			"requires": {
				"@xtuc/ieee754": "^1.2.0"
			}
		},
		"@webassemblyjs/leb128": {
			"version": "1.11.0",
			"resolved": "https://registry.npmjs.org/@webassemblyjs/leb128/-/leb128-1.11.0.tgz",
			"integrity": "sha512-aqbsHa1mSQAbeeNcl38un6qVY++hh8OpCOzxhixSYgbRfNWcxJNJQwe2rezK9XEcssJbbWIkblaJRwGMS9zp+g==",
			"requires": {
				"@xtuc/long": "4.2.2"
			}
		},
		"@webassemblyjs/utf8": {
			"version": "1.11.0",
			"resolved": "https://registry.npmjs.org/@webassemblyjs/utf8/-/utf8-1.11.0.tgz",
			"integrity": "sha512-A/lclGxH6SpSLSyFowMzO/+aDEPU4hvEiooCMXQPcQFPPJaYcPQNKGOCLUySJsYJ4trbpr+Fs08n4jelkVTGVw=="
		},
		"@webassemblyjs/wasm-edit": {
			"version": "1.11.0",
			"resolved": "https://registry.npmjs.org/@webassemblyjs/wasm-edit/-/wasm-edit-1.11.0.tgz",
			"integrity": "sha512-JHQ0damXy0G6J9ucyKVXO2j08JVJ2ntkdJlq1UTiUrIgfGMmA7Ik5VdC/L8hBK46kVJgujkBIoMtT8yVr+yVOQ==",
			"requires": {
				"@webassemblyjs/ast": "1.11.0",
				"@webassemblyjs/helper-buffer": "1.11.0",
				"@webassemblyjs/helper-wasm-bytecode": "1.11.0",
				"@webassemblyjs/helper-wasm-section": "1.11.0",
				"@webassemblyjs/wasm-gen": "1.11.0",
				"@webassemblyjs/wasm-opt": "1.11.0",
				"@webassemblyjs/wasm-parser": "1.11.0",
				"@webassemblyjs/wast-printer": "1.11.0"
			}
		},
		"@webassemblyjs/wasm-gen": {
			"version": "1.11.0",
			"resolved": "https://registry.npmjs.org/@webassemblyjs/wasm-gen/-/wasm-gen-1.11.0.tgz",
			"integrity": "sha512-BEUv1aj0WptCZ9kIS30th5ILASUnAPEvE3tVMTrItnZRT9tXCLW2LEXT8ezLw59rqPP9klh9LPmpU+WmRQmCPQ==",
			"requires": {
				"@webassemblyjs/ast": "1.11.0",
				"@webassemblyjs/helper-wasm-bytecode": "1.11.0",
				"@webassemblyjs/ieee754": "1.11.0",
				"@webassemblyjs/leb128": "1.11.0",
				"@webassemblyjs/utf8": "1.11.0"
			}
		},
		"@webassemblyjs/wasm-opt": {
			"version": "1.11.0",
			"resolved": "https://registry.npmjs.org/@webassemblyjs/wasm-opt/-/wasm-opt-1.11.0.tgz",
			"integrity": "sha512-tHUSP5F4ywyh3hZ0+fDQuWxKx3mJiPeFufg+9gwTpYp324mPCQgnuVKwzLTZVqj0duRDovnPaZqDwoyhIO8kYg==",
			"requires": {
				"@webassemblyjs/ast": "1.11.0",
				"@webassemblyjs/helper-buffer": "1.11.0",
				"@webassemblyjs/wasm-gen": "1.11.0",
				"@webassemblyjs/wasm-parser": "1.11.0"
			}
		},
		"@webassemblyjs/wasm-parser": {
			"version": "1.11.0",
			"resolved": "https://registry.npmjs.org/@webassemblyjs/wasm-parser/-/wasm-parser-1.11.0.tgz",
			"integrity": "sha512-6L285Sgu9gphrcpDXINvm0M9BskznnzJTE7gYkjDbxET28shDqp27wpruyx3C2S/dvEwiigBwLA1cz7lNUi0kw==",
			"requires": {
				"@webassemblyjs/ast": "1.11.0",
				"@webassemblyjs/helper-api-error": "1.11.0",
				"@webassemblyjs/helper-wasm-bytecode": "1.11.0",
				"@webassemblyjs/ieee754": "1.11.0",
				"@webassemblyjs/leb128": "1.11.0",
				"@webassemblyjs/utf8": "1.11.0"
			}
		},
		"@webassemblyjs/wast-printer": {
			"version": "1.11.0",
			"resolved": "https://registry.npmjs.org/@webassemblyjs/wast-printer/-/wast-printer-1.11.0.tgz",
			"integrity": "sha512-Fg5OX46pRdTgB7rKIUojkh9vXaVN6sGYCnEiJN1GYkb0RPwShZXp6KTDqmoMdQPKhcroOXh3fEzmkWmCYaKYhQ==",
			"requires": {
				"@webassemblyjs/ast": "1.11.0",
				"@xtuc/long": "4.2.2"
			}
		},
		"@xtuc/ieee754": {
			"version": "1.2.0",
			"resolved": "https://registry.npmjs.org/@xtuc/ieee754/-/ieee754-1.2.0.tgz",
			"integrity": "sha512-DX8nKgqcGwsc0eJSqYt5lwP4DH5FlHnmuWWBRy7X0NcaGR0ZtuyeESgMwTYVEtxmsNGY+qit4QYT/MIYTOTPeA=="
		},
		"@xtuc/long": {
			"version": "4.2.2",
			"resolved": "https://registry.npmjs.org/@xtuc/long/-/long-4.2.2.tgz",
			"integrity": "sha512-NuHqBY1PB/D8xU6s/thBgOAiAP7HOYDQ32+BFZILJ8ivkUkAHQnWfn6WhL79Owj1qmUnoN/YPhktdIoucipkAQ=="
		},
		"acorn": {
			"version": "8.1.1",
			"resolved": "https://registry.npmjs.org/acorn/-/acorn-8.1.1.tgz",
			"integrity": "sha512-xYiIVjNuqtKXMxlRMDc6mZUhXehod4a3gbZ1qRlM7icK4EbxUFNLhWoPblCvFtB2Y9CIqHP3CF/rdxLItaQv8g=="
		},
		"ajv": {
			"version": "6.12.6",
			"resolved": "https://registry.npmjs.org/ajv/-/ajv-6.12.6.tgz",
			"integrity": "sha512-j3fVLgvTo527anyYyJOGTYJbG+vnnQYvE0m5mmkc1TK+nxAppkCLMIL0aZ4dblVCNoGShhm+kzE4ZUykBoMg4g==",
			"requires": {
				"fast-deep-equal": "^3.1.1",
				"fast-json-stable-stringify": "^2.0.0",
				"json-schema-traverse": "^0.4.1",
				"uri-js": "^4.2.2"
			}
		},
		"ajv-keywords": {
			"version": "3.5.2",
			"resolved": "https://registry.npmjs.org/ajv-keywords/-/ajv-keywords-3.5.2.tgz",
			"integrity": "sha512-5p6WTN0DdTGVQk6VjcEju19IgaHudalcfabD7yhDGeA6bcQnmL+CpveLJq/3hvfwd1aof6L386Ougkx6RfyMIQ=="
		},
		"ansi-styles": {
			"version": "3.2.1",
			"resolved": "https://registry.npmjs.org/ansi-styles/-/ansi-styles-3.2.1.tgz",
			"integrity": "sha512-VT0ZI6kZRdTh8YyJw3SMbYm/u+NqfsAxEpWO0Pf9sq8/e94WxxOpPKx9FR1FlyCtOVDNOQ+8ntlqFxiRc+r5qA==",
			"requires": {
				"color-convert": "^1.9.0"
			}
		},
		"big.js": {
			"version": "5.2.2",
			"resolved": "https://registry.npmjs.org/big.js/-/big.js-5.2.2.tgz",
			"integrity": "sha512-vyL2OymJxmarO8gxMr0mhChsO9QGwhynfuu4+MHTAW6czfq9humCB7rKpUjDd9YUiDPU4mzpyupFSvOClAwbmQ=="
		},
		"browserslist": {
			"version": "4.16.4",
			"resolved": "https://registry.npmjs.org/browserslist/-/browserslist-4.16.4.tgz",
			"integrity": "sha512-d7rCxYV8I9kj41RH8UKYnvDYCRENUlHRgyXy/Rhr/1BaeLGfiCptEdFE8MIrvGfWbBFNjVYx76SQWvNX1j+/cQ==",
			"requires": {
				"caniuse-lite": "^1.0.30001208",
				"colorette": "^1.2.2",
				"electron-to-chromium": "^1.3.712",
				"escalade": "^3.1.1",
				"node-releases": "^1.1.71"
			}
		},
		"buffer-from": {
			"version": "1.1.1",
			"resolved": "https://registry.npmjs.org/buffer-from/-/buffer-from-1.1.1.tgz",
			"integrity": "sha512-MQcXEUbCKtEo7bhqEs6560Hyd4XaovZlO/k9V3hjVUF/zwW7KBVdSK4gIt/bzwS9MbR5qob+F5jusZsb0YQK2A=="
		},
		"callsites": {
			"version": "3.1.0",
			"resolved": "https://registry.npmjs.org/callsites/-/callsites-3.1.0.tgz",
			"integrity": "sha512-P8BjAsXvZS+VIDUI11hHCQEv74YT67YUi5JJFNWIqL235sBmjX4+qx9Muvls5ivyNENctx46xQLQ3aTuE7ssaQ=="
		},
		"caniuse-lite": {
			"version": "1.0.30001208",
			"resolved": "https://registry.npmjs.org/caniuse-lite/-/caniuse-lite-1.0.30001208.tgz",
			"integrity": "sha512-OE5UE4+nBOro8Dyvv0lfx+SRtfVIOM9uhKqFmJeUbGriqhhStgp1A0OyBpgy3OUF8AhYCT+PVwPC1gMl2ZcQMA=="
		},
		"chalk": {
			"version": "2.4.2",
			"resolved": "https://registry.npmjs.org/chalk/-/chalk-2.4.2.tgz",
			"integrity": "sha512-Mti+f9lpJNcwF4tWV8/OrTTtF1gZi+f8FqlyAdouralcFWFQWF2+NgCHShjkCb+IFBLq9buZwE1xckQU4peSuQ==",
			"requires": {
				"ansi-styles": "^3.2.1",
				"escape-string-regexp": "^1.0.5",
				"supports-color": "^5.3.0"
			}
		},
		"chrome-trace-event": {
			"version": "1.0.3",
			"resolved": "https://registry.npmjs.org/chrome-trace-event/-/chrome-trace-event-1.0.3.tgz",
			"integrity": "sha512-p3KULyQg4S7NIHixdwbGX+nFHkoBiA4YQmyWtjb8XngSKV124nJmRysgAeujbUVb15vh+RvFUfCPqU7rXk+hZg=="
		},
		"color-convert": {
			"version": "1.9.3",
			"resolved": "https://registry.npmjs.org/color-convert/-/color-convert-1.9.3.tgz",
			"integrity": "sha512-QfAUtd+vFdAtFQcC8CCyYt1fYWxSqAiK2cSD6zDB8N3cpsEBAvRxp9zOGg6G/SHHJYAT88/az/IuDGALsNVbGg==",
			"requires": {
				"color-name": "1.1.3"
			}
		},
		"color-name": {
			"version": "1.1.3",
			"resolved": "https://registry.npmjs.org/color-name/-/color-name-1.1.3.tgz",
			"integrity": "sha1-p9BVi9icQveV3UIyj3QIMcpTvCU="
		},
		"colorette": {
			"version": "1.2.2",
			"resolved": "https://registry.npmjs.org/colorette/-/colorette-1.2.2.tgz",
			"integrity": "sha512-MKGMzyfeuutC/ZJ1cba9NqcNpfeqMUcYmyF1ZFY6/Cn7CNSAKx6a+s48sqLqyAiZuaP2TcqMhoo+dlwFnVxT9w=="
		},
		"commander": {
			"version": "2.20.3",
			"resolved": "https://registry.npmjs.org/commander/-/commander-2.20.3.tgz",
			"integrity": "sha512-GpVkmM8vF2vQUkj2LvZmD35JxeJOLCwJ9cUkugyk2nuhbv3+mJvpLYYt+0+USMxE+oj+ey/lJEnhZw75x/OMcQ=="
		},
		"cosmiconfig": {
			"version": "7.0.0",
			"resolved": "https://registry.npmjs.org/cosmiconfig/-/cosmiconfig-7.0.0.tgz",
			"integrity": "sha512-pondGvTuVYDk++upghXJabWzL6Kxu6f26ljFw64Swq9v6sQPUL3EUlVDV56diOjpCayKihL6hVe8exIACU4XcA==",
			"requires": {
				"@types/parse-json": "^4.0.0",
				"import-fresh": "^3.2.1",
				"parse-json": "^5.0.0",
				"path-type": "^4.0.0",
				"yaml": "^1.10.0"
			}
		},
		"electron-to-chromium": {
			"version": "1.3.712",
			"resolved": "https://registry.npmjs.org/electron-to-chromium/-/electron-to-chromium-1.3.712.tgz",
			"integrity": "sha512-3kRVibBeCM4vsgoHHGKHmPocLqtFAGTrebXxxtgKs87hNUzXrX2NuS3jnBys7IozCnw7viQlozxKkmty2KNfrw=="
		},
		"emojis-list": {
			"version": "3.0.0",
			"resolved": "https://registry.npmjs.org/emojis-list/-/emojis-list-3.0.0.tgz",
			"integrity": "sha512-/kyM18EfinwXZbno9FyUGeFh87KC8HRQBQGildHZbEuRyWFOmv1U10o9BBp8XVZDVNNuQKyIGIu5ZYAAXJ0V2Q=="
		},
		"enhanced-resolve": {
			"version": "5.7.0",
			"resolved": "https://registry.npmjs.org/enhanced-resolve/-/enhanced-resolve-5.7.0.tgz",
			"integrity": "sha512-6njwt/NsZFUKhM6j9U8hzVyD4E4r0x7NQzhTCbcWOJ0IQjNSAoalWmb0AE51Wn+fwan5qVESWi7t2ToBxs9vrw==",
			"requires": {
				"graceful-fs": "^4.2.4",
				"tapable": "^2.2.0"
			}
		},
		"error-ex": {
			"version": "1.3.2",
			"resolved": "https://registry.npmjs.org/error-ex/-/error-ex-1.3.2.tgz",
			"integrity": "sha512-7dFHNmqeFSEt2ZBsCriorKnn3Z2pj+fd9kmI6QoWw4//DL+icEBfc0U7qJCisqrTsKTjw4fNFy2pW9OqStD84g==",
			"requires": {
				"is-arrayish": "^0.2.1"
			}
		},
		"es-module-lexer": {
			"version": "0.4.1",
			"resolved": "https://registry.npmjs.org/es-module-lexer/-/es-module-lexer-0.4.1.tgz",
			"integrity": "sha512-ooYciCUtfw6/d2w56UVeqHPcoCFAiJdz5XOkYpv/Txl1HMUozpXjz/2RIQgqwKdXNDPSF1W7mJCFse3G+HDyAA=="
		},
		"escalade": {
			"version": "3.1.1",
			"resolved": "https://registry.npmjs.org/escalade/-/escalade-3.1.1.tgz",
			"integrity": "sha512-k0er2gUkLf8O0zKJiAhmkTnJlTvINGv7ygDNPbeIsX/TJjGJZHuh9B2UxbsaEkmlEo9MfhrSzmhIlhRlI2GXnw=="
		},
		"escape-string-regexp": {
			"version": "1.0.5",
			"resolved": "https://registry.npmjs.org/escape-string-regexp/-/escape-string-regexp-1.0.5.tgz",
			"integrity": "sha1-G2HAViGQqN/2rjuyzwIAyhMLhtQ="
		},
		"eslint-scope": {
			"version": "5.1.1",
			"resolved": "https://registry.npmjs.org/eslint-scope/-/eslint-scope-5.1.1.tgz",
			"integrity": "sha512-2NxwbF/hZ0KpepYN0cNbo+FN6XoK7GaHlQhgx/hIZl6Va0bF45RQOOwhLIy8lQDbuCiadSLCBnH2CFYquit5bw==",
			"requires": {
				"esrecurse": "^4.3.0",
				"estraverse": "^4.1.1"
			}
		},
		"esrecurse": {
			"version": "4.3.0",
			"resolved": "https://registry.npmjs.org/esrecurse/-/esrecurse-4.3.0.tgz",
			"integrity": "sha512-KmfKL3b6G+RXvP8N1vr3Tq1kL/oCFgn2NYXEtqP8/L3pKapUA4G8cFVaoF3SU323CD4XypR/ffioHmkti6/Tag==",
			"requires": {
				"estraverse": "^5.2.0"
			},
			"dependencies": {
				"estraverse": {
					"version": "5.2.0",
					"resolved": "https://registry.npmjs.org/estraverse/-/estraverse-5.2.0.tgz",
					"integrity": "sha512-BxbNGGNm0RyRYvUdHpIwv9IWzeM9XClbOxwoATuFdOE7ZE6wHL+HQ5T8hoPM+zHvmKzzsEqhgy0GrQ5X13afiQ=="
				}
			}
		},
		"estraverse": {
			"version": "4.3.0",
			"resolved": "https://registry.npmjs.org/estraverse/-/estraverse-4.3.0.tgz",
			"integrity": "sha512-39nnKffWz8xN1BU/2c79n9nB9HDzo0niYUqx6xyqUnyoAnQyyWpOTdZEeiCch8BBu515t4wp9ZmgVfVhn9EBpw=="
		},
		"events": {
			"version": "3.3.0",
			"resolved": "https://registry.npmjs.org/events/-/events-3.3.0.tgz",
			"integrity": "sha512-mQw+2fkQbALzQ7V0MY0IqdnXNOeTtP4r0lN9z7AAawCXgqea7bDii20AYrIBrFd/Hx0M2Ocz6S111CaFkUcb0Q=="
		},
		"fast-deep-equal": {
			"version": "3.1.3",
			"resolved": "https://registry.npmjs.org/fast-deep-equal/-/fast-deep-equal-3.1.3.tgz",
			"integrity": "sha512-f3qQ9oQy9j2AhBe/H9VC91wLmKBCCU/gDOnKNAYG5hswO7BLKj09Hc5HYNz9cGI++xlpDCIgDaitVs03ATR84Q=="
		},
		"fast-json-stable-stringify": {
			"version": "2.1.0",
			"resolved": "https://registry.npmjs.org/fast-json-stable-stringify/-/fast-json-stable-stringify-2.1.0.tgz",
			"integrity": "sha512-lhd/wF+Lk98HZoTCtlVraHtfh5XYijIjalXck7saUtuanSDyLMxnHhSXEDJqHxD7msR8D0uCmqlkwjCV8xvwHw=="
		},
		"glob-to-regexp": {
			"version": "0.4.1",
			"resolved": "https://registry.npmjs.org/glob-to-regexp/-/glob-to-regexp-0.4.1.tgz",
			"integrity": "sha512-lkX1HJXwyMcprw/5YUZc2s7DrpAiHB21/V+E1rHUrVNokkvB6bqMzT0VfV6/86ZNabt1k14YOIaT7nDvOX3Iiw=="
		},
		"graceful-fs": {
			"version": "4.2.6",
			"resolved": "https://registry.npmjs.org/graceful-fs/-/graceful-fs-4.2.6.tgz",
			"integrity": "sha512-nTnJ528pbqxYanhpDYsi4Rd8MAeaBA67+RZ10CM1m3bTAVFEDcd5AuA4a6W5YkGZ1iNXHzZz8T6TBKLeBuNriQ=="
		},
		"has-flag": {
			"version": "3.0.0",
			"resolved": "https://registry.npmjs.org/has-flag/-/has-flag-3.0.0.tgz",
			"integrity": "sha1-tdRU3CGZriJWmfNGfloH87lVuv0="
		},
		"import-fresh": {
			"version": "3.3.0",
			"resolved": "https://registry.npmjs.org/import-fresh/-/import-fresh-3.3.0.tgz",
			"integrity": "sha512-veYYhQa+D1QBKznvhUHxb8faxlrwUnxseDAbAp457E0wLNio2bOSKnjYDhMj+YiAq61xrMGhQk9iXVk5FzgQMw==",
			"requires": {
				"parent-module": "^1.0.0",
				"resolve-from": "^4.0.0"
			}
		},
		"is-arrayish": {
			"version": "0.2.1",
			"resolved": "https://registry.npmjs.org/is-arrayish/-/is-arrayish-0.2.1.tgz",
			"integrity": "sha1-d8mYQFJ6qOyxqLppe4BkWnqSap0="
		},
		"jest-worker": {
			"version": "26.6.2",
			"resolved": "https://registry.npmjs.org/jest-worker/-/jest-worker-26.6.2.tgz",
			"integrity": "sha512-KWYVV1c4i+jbMpaBC+U++4Va0cp8OisU185o73T1vo99hqi7w8tSJfUXYswwqqrjzwxa6KpRK54WhPvwf5w6PQ==",
			"requires": {
				"@types/node": "*",
				"merge-stream": "^2.0.0",
				"supports-color": "^7.0.0"
			},
			"dependencies": {
				"has-flag": {
					"version": "4.0.0",
					"resolved": "https://registry.npmjs.org/has-flag/-/has-flag-4.0.0.tgz",
					"integrity": "sha512-EykJT/Q1KjTWctppgIAgfSO0tKVuZUjhgMr17kqTumMl6Afv3EISleU7qZUzoXDFTAHTDC4NOoG/ZxU3EvlMPQ=="
				},
				"supports-color": {
					"version": "7.2.0",
					"resolved": "https://registry.npmjs.org/supports-color/-/supports-color-7.2.0.tgz",
					"integrity": "sha512-qpCAvRl9stuOHveKsn7HncJRvv501qIacKzQlO/+Lwxc9+0q2wLyv4Dfvt80/DPn2pqOBsJdDiogXGR9+OvwRw==",
					"requires": {
						"has-flag": "^4.0.0"
					}
				}
			}
		},
		"js-tokens": {
			"version": "4.0.0",
			"resolved": "https://registry.npmjs.org/js-tokens/-/js-tokens-4.0.0.tgz",
			"integrity": "sha512-RdJUflcE3cUzKiMqQgsCu06FPu9UdIJO0beYbPhHN4k6apgJtifcoCtT9bcxOpYBtpD2kCM6Sbzg4CausW/PKQ=="
		},
		"json-parse-better-errors": {
			"version": "1.0.2",
			"resolved": "https://registry.npmjs.org/json-parse-better-errors/-/json-parse-better-errors-1.0.2.tgz",
			"integrity": "sha512-mrqyZKfX5EhL7hvqcV6WG1yYjnjeuYDzDhhcAAUrq8Po85NBQBJP+ZDUT75qZQ98IkUoBqdkExkukOU7Ts2wrw=="
		},
		"json-parse-even-better-errors": {
			"version": "2.3.1",
			"resolved": "https://registry.npmjs.org/json-parse-even-better-errors/-/json-parse-even-better-errors-2.3.1.tgz",
			"integrity": "sha512-xyFwyhro/JEof6Ghe2iz2NcXoj2sloNsWr/XsERDK/oiPCfaNhl5ONfp+jQdAZRQQ0IJWNzH9zIZF7li91kh2w=="
		},
		"json-schema-traverse": {
			"version": "0.4.1",
			"resolved": "https://registry.npmjs.org/json-schema-traverse/-/json-schema-traverse-0.4.1.tgz",
			"integrity": "sha512-xbbCH5dCYU5T8LcEhhuh7HJ88HXuW3qsI3Y0zOZFKfZEHcpWiHU/Jxzk629Brsab/mMiHQti9wMP+845RPe3Vg=="
		},
		"klona": {
			"version": "2.0.4",
			"resolved": "https://registry.npmjs.org/klona/-/klona-2.0.4.tgz",
			"integrity": "sha512-ZRbnvdg/NxqzC7L9Uyqzf4psi1OM4Cuc+sJAkQPjO6XkQIJTNbfK2Rsmbw8fx1p2mkZdp2FZYo2+LwXYY/uwIA=="
		},
		"lines-and-columns": {
			"version": "1.1.6",
			"resolved": "https://registry.npmjs.org/lines-and-columns/-/lines-and-columns-1.1.6.tgz",
			"integrity": "sha1-HADHQ7QzzQpOgHWPe2SldEDZ/wA="
		},
		"loader-runner": {
			"version": "4.2.0",
			"resolved": "https://registry.npmjs.org/loader-runner/-/loader-runner-4.2.0.tgz",
			"integrity": "sha512-92+huvxMvYlMzMt0iIOukcwYBFpkYJdpl2xsZ7LrlayO7E8SOv+JJUEK17B/dJIHAOLMfh2dZZ/Y18WgmGtYNw=="
		},
		"loose-envify": {
			"version": "1.4.0",
			"resolved": "https://registry.npmjs.org/loose-envify/-/loose-envify-1.4.0.tgz",
			"integrity": "sha512-lyuxPGr/Wfhrlem2CL/UcnUc1zcqKAImBDzukY7Y5F/yQiNdko6+fRLevlw1HgMySw7f611UIY408EtxRSoK3Q==",
			"requires": {
				"js-tokens": "^3.0.0 || ^4.0.0"
			}
		},
		"merge-stream": {
			"version": "2.0.0",
			"resolved": "https://registry.npmjs.org/merge-stream/-/merge-stream-2.0.0.tgz",
			"integrity": "sha512-abv/qOcuPfk3URPfDzmZU1LKmuw8kT+0nIHvKrKgFrwifol/doWcdA4ZqsWQ8ENrFKkd67Mfpo/LovbIUsbt3w=="
		},
		"mime-db": {
			"version": "1.47.0",
			"resolved": "https://registry.npmjs.org/mime-db/-/mime-db-1.47.0.tgz",
			"integrity": "sha512-QBmA/G2y+IfeS4oktet3qRZ+P5kPhCKRXxXnQEudYqUaEioAU1/Lq2us3D/t1Jfo4hE9REQPrbB7K5sOczJVIw=="
		},
		"mime-types": {
			"version": "2.1.30",
			"resolved": "https://registry.npmjs.org/mime-types/-/mime-types-2.1.30.tgz",
			"integrity": "sha512-crmjA4bLtR8m9qLpHvgxSChT+XoSlZi8J4n/aIdn3z92e/U47Z0V/yl+Wh9W046GgFVAmoNR/fmdbZYcSSIUeg==",
			"requires": {
				"mime-db": "1.47.0"
			}
		},
		"minimist": {
			"version": "1.2.5",
			"resolved": "https://registry.npmjs.org/minimist/-/minimist-1.2.5.tgz",
			"integrity": "sha512-FM9nNUYrRBAELZQT3xeZQ7fmMOBg6nWNmJKTcgsJeaLstP/UODVpGsr5OhXhhXg6f+qtJ8uiZ+PUxkDWcgIXLw=="
		},
		"neo-async": {
			"version": "2.6.2",
			"resolved": "https://registry.npmjs.org/neo-async/-/neo-async-2.6.2.tgz",
			"integrity": "sha512-Yd3UES5mWCSqR+qNT93S3UoYUkqAZ9lLg8a7g9rimsWmYGK8cVToA4/sF3RrshdyV3sAGMXVUmpMYOw+dLpOuw=="
		},
		"node-releases": {
			"version": "1.1.71",
			"resolved": "https://registry.npmjs.org/node-releases/-/node-releases-1.1.71.tgz",
			"integrity": "sha512-zR6HoT6LrLCRBwukmrVbHv0EpEQjksO6GmFcZQQuCAy139BEsoVKPYnf3jongYW83fAa1torLGYwxxky/p28sg=="
		},
		"object-assign": {
			"version": "4.1.1",
			"resolved": "https://registry.npmjs.org/object-assign/-/object-assign-4.1.1.tgz",
			"integrity": "sha1-IQmtx5ZYh8/AXLvUQsrIv7s2CGM="
		},
		"p-limit": {
			"version": "3.1.0",
			"resolved": "https://registry.npmjs.org/p-limit/-/p-limit-3.1.0.tgz",
			"integrity": "sha512-TYOanM3wGwNGsZN2cVTYPArw454xnXj5qmWF1bEoAc4+cU/ol7GVh7odevjp1FNHduHc3KZMcFduxU5Xc6uJRQ==",
			"requires": {
				"yocto-queue": "^0.1.0"
			}
		},
		"parent-module": {
			"version": "1.0.1",
			"resolved": "https://registry.npmjs.org/parent-module/-/parent-module-1.0.1.tgz",
			"integrity": "sha512-GQ2EWRpQV8/o+Aw8YqtfZZPfNRWZYkbidE9k5rpl/hC3vtHHBfGm2Ifi6qWV+coDGkrUKZAxE3Lot5kcsRlh+g==",
			"requires": {
				"callsites": "^3.0.0"
			}
		},
		"parse-json": {
			"version": "5.2.0",
			"resolved": "https://registry.npmjs.org/parse-json/-/parse-json-5.2.0.tgz",
			"integrity": "sha512-ayCKvm/phCGxOkYRSCM82iDwct8/EonSEgCSxWxD7ve6jHggsFl4fZVQBPRNgQoKiuV/odhFrGzQXZwbifC8Rg==",
			"requires": {
				"@babel/code-frame": "^7.0.0",
				"error-ex": "^1.3.1",
				"json-parse-even-better-errors": "^2.3.0",
				"lines-and-columns": "^1.1.6"
			}
		},
		"path-type": {
			"version": "4.0.0",
			"resolved": "https://registry.npmjs.org/path-type/-/path-type-4.0.0.tgz",
			"integrity": "sha512-gDKb8aZMDeD/tZWs9P6+q0J9Mwkdl6xMV8TjnGP3qJVJ06bdMgkbBlLU8IdfOsIsFz2BW1rNVT3XuNEl8zPAvw=="
		},
		"postcss-loader": {
			"version": "4.2.0",
			"resolved": "https://registry.npmjs.org/postcss-loader/-/postcss-loader-4.2.0.tgz",
			"integrity": "sha512-mqgScxHqbiz1yxbnNcPdKYo/6aVt+XExURmEbQlviFVWogDbM4AJ0A/B+ZBpYsJrTRxKw7HyRazg9x0Q9SWwLA==",
			"requires": {
				"cosmiconfig": "^7.0.0",
				"klona": "^2.0.4",
				"loader-utils": "^2.0.0",
				"schema-utils": "^3.0.0",
				"semver": "^7.3.4"
			},
			"dependencies": {
				"json5": {
					"version": "2.2.0",
					"resolved": "https://registry.npmjs.org/json5/-/json5-2.2.0.tgz",
					"integrity": "sha512-f+8cldu7X/y7RAJurMEJmdoKXGB/X550w2Nr3tTbezL6RwEE/iMcm+tZnXeoZtKuOq6ft8+CqzEkrIgx1fPoQA==",
					"requires": {
						"minimist": "^1.2.5"
					}
				},
				"loader-utils": {
					"version": "2.0.0",
					"resolved": "https://registry.npmjs.org/loader-utils/-/loader-utils-2.0.0.tgz",
					"integrity": "sha512-rP4F0h2RaWSvPEkD7BLDFQnvSf+nK+wr3ESUjNTyAGobqrijmW92zc+SO6d4p4B1wh7+B/Jg1mkQe5NYUEHtHQ==",
					"requires": {
						"big.js": "^5.2.2",
						"emojis-list": "^3.0.0",
						"json5": "^2.1.2"
					}
				},
				"lru-cache": {
					"version": "6.0.0",
					"resolved": "https://registry.npmjs.org/lru-cache/-/lru-cache-6.0.0.tgz",
					"integrity": "sha512-Jo6dJ04CmSjuznwJSS3pUeWmd/H0ffTlkXXgwZi+eq1UCmqQwCh+eLsYOYCwY991i2Fah4h1BEMCx4qThGbsiA==",
					"requires": {
						"yallist": "^4.0.0"
					}
				},
				"semver": {
					"version": "7.3.5",
					"resolved": "https://registry.npmjs.org/semver/-/semver-7.3.5.tgz",
					"integrity": "sha512-PoeGJYh8HK4BTO/a9Tf6ZG3veo/A7ZVsYrSA6J8ny9nb3B1VrpkuN+z9OE5wfE5p6H4LchYZsegiQgbJD94ZFQ==",
					"requires": {
						"lru-cache": "^6.0.0"
					}
				},
				"yallist": {
					"version": "4.0.0",
					"resolved": "https://registry.npmjs.org/yallist/-/yallist-4.0.0.tgz",
					"integrity": "sha512-3wdGidZyq5PB084XLES5TpOSRA3wjXAlIWMhum2kRcv/41Sn2emQ0dycQW4uZXLejwKvg6EsvbdlVL+FYEct7A=="
				}
			}
		},
		"prop-types": {
			"version": "15.7.2",
			"resolved": "https://registry.npmjs.org/prop-types/-/prop-types-15.7.2.tgz",
			"integrity": "sha512-8QQikdH7//R2vurIJSutZ1smHYTcLpRWEOlHnzcWHmBYrOGUysKwSsrC89BCiFj3CbrfJ/nXFdJepOVrY1GCHQ==",
			"requires": {
				"loose-envify": "^1.4.0",
				"object-assign": "^4.1.1",
				"react-is": "^16.8.1"
			}
		},
		"punycode": {
			"version": "2.1.1",
			"resolved": "https://registry.npmjs.org/punycode/-/punycode-2.1.1.tgz",
			"integrity": "sha512-XRsRjdf+j5ml+y/6GKHPZbrF/8p2Yga0JPtdqTIY2Xe5ohJPD9saDJJLPvp9+NSBprVvevdXZybnj2cv8OEd0A=="
		},
		"randombytes": {
			"version": "2.1.0",
			"resolved": "https://registry.npmjs.org/randombytes/-/randombytes-2.1.0.tgz",
			"integrity": "sha512-vYl3iOX+4CKUWuxGi9Ukhie6fsqXqS9FE2Zaic4tNFD2N2QQaXOMFbuKK4QmDHC0JO6B1Zp41J0LpT0oR68amQ==",
			"requires": {
				"safe-buffer": "^5.1.0"
			}
		},
		"react": {
			"version": "17.0.1",
			"resolved": "https://registry.npmjs.org/react/-/react-17.0.1.tgz",
			"integrity": "sha512-lG9c9UuMHdcAexXtigOZLX8exLWkW0Ku29qPRU8uhF2R9BN96dLCt0psvzPLlHc5OWkgymP3qwTRgbnw5BKx3w==",
			"requires": {
				"loose-envify": "^1.1.0",
				"object-assign": "^4.1.1"
			}
		},
		"react-dom": {
			"version": "17.0.1",
			"resolved": "https://registry.npmjs.org/react-dom/-/react-dom-17.0.1.tgz",
			"integrity": "sha512-6eV150oJZ9U2t9svnsspTMrWNyHc6chX0KzDeAOXftRa8bNeOKTTfCJ7KorIwenkHd2xqVTBTCZd79yk/lx/Ug==",
			"requires": {
				"loose-envify": "^1.1.0",
				"object-assign": "^4.1.1",
				"scheduler": "^0.20.1"
			}
		},
		"react-is": {
			"version": "16.13.1",
			"resolved": "https://registry.npmjs.org/react-is/-/react-is-16.13.1.tgz",
			"integrity": "sha512-24e6ynE2H+OKt4kqsOvNd8kBpV65zoxbA4BVsEOB3ARVWQki/DHzaUoC5KuON/BiccDaCCTZBuOcfZs70kR8bQ=="
		},
		"resolve-from": {
			"version": "4.0.0",
			"resolved": "https://registry.npmjs.org/resolve-from/-/resolve-from-4.0.0.tgz",
			"integrity": "sha512-pb/MYmXstAkysRFx8piNI1tGFNQIFA3vkE3Gq4EuA1dF6gHp/+vgZqsCGJapvy8N3Q+4o7FwvquPJcnZ7RYy4g=="
		},
		"safe-buffer": {
			"version": "5.2.1",
			"resolved": "https://registry.npmjs.org/safe-buffer/-/safe-buffer-5.2.1.tgz",
			"integrity": "sha512-rp3So07KcdmmKbGvgaNxQSJr7bGVSVk5S9Eq1F+ppbRo70+YeaDxkw5Dd8NPN+GD6bjnYm2VuPuCXmpuYvmCXQ=="
		},
		"scheduler": {
			"version": "0.20.1",
			"resolved": "https://registry.npmjs.org/scheduler/-/scheduler-0.20.1.tgz",
			"integrity": "sha512-LKTe+2xNJBNxu/QhHvDR14wUXHRQbVY5ZOYpOGWRzhydZUqrLb2JBvLPY7cAqFmqrWuDED0Mjk7013SZiOz6Bw==",
			"requires": {
				"loose-envify": "^1.1.0",
				"object-assign": "^4.1.1"
			}
		},
		"schema-utils": {
			"version": "3.0.0",
			"resolved": "https://registry.npmjs.org/schema-utils/-/schema-utils-3.0.0.tgz",
			"integrity": "sha512-6D82/xSzO094ajanoOSbe4YvXWMfn2A//8Y1+MUqFAJul5Bs+yn36xbK9OtNDcRVSBJ9jjeoXftM6CfztsjOAA==",
			"requires": {
				"@types/json-schema": "^7.0.6",
				"ajv": "^6.12.5",
				"ajv-keywords": "^3.5.2"
			}
		},
		"serialize-javascript": {
			"version": "5.0.1",
			"resolved": "https://registry.npmjs.org/serialize-javascript/-/serialize-javascript-5.0.1.tgz",
			"integrity": "sha512-SaaNal9imEO737H2c05Og0/8LUXG7EnsZyMa8MzkmuHoELfT6txuj0cMqRj6zfPKnmQ1yasR4PCJc8x+M4JSPA==",
			"requires": {
				"randombytes": "^2.1.0"
			}
		},
		"source-list-map": {
			"version": "2.0.1",
			"resolved": "https://registry.npmjs.org/source-list-map/-/source-list-map-2.0.1.tgz",
			"integrity": "sha512-qnQ7gVMxGNxsiL4lEuJwe/To8UnK7fAnmbGEEH8RpLouuKbeEm0lhbQVFIrNSuB+G7tVrAlVsZgETT5nljf+Iw=="
		},
		"source-map": {
			"version": "0.6.1",
			"resolved": "https://registry.npmjs.org/source-map/-/source-map-0.6.1.tgz",
			"integrity": "sha512-UjgapumWlbMhkBgzT7Ykc5YXUT46F0iKu8SGXq0bcwP5dz/h0Plj6enJqjz1Zbq2l5WaqYnrVbwWOWMyF3F47g=="
		},
		"source-map-support": {
			"version": "0.5.19",
			"resolved": "https://registry.npmjs.org/source-map-support/-/source-map-support-0.5.19.tgz",
			"integrity": "sha512-Wonm7zOCIJzBGQdB+thsPar0kYuCIzYvxZwlBa87yi/Mdjv7Tip2cyVbLj5o0cFPN4EVkuTwb3GDDyUx2DGnGw==",
			"requires": {
				"buffer-from": "^1.0.0",
				"source-map": "^0.6.0"
			}
		},
		"supports-color": {
			"version": "5.5.0",
			"resolved": "https://registry.npmjs.org/supports-color/-/supports-color-5.5.0.tgz",
			"integrity": "sha512-QjVjwdXIt408MIiAqCX4oUKsgU2EqAGzs2Ppkm4aQYbjm+ZEWEcW4SfFNTr4uMNZma0ey4f5lgLrkB0aX0QMow==",
			"requires": {
				"has-flag": "^3.0.0"
			}
		},
		"tapable": {
			"version": "2.2.0",
			"resolved": "https://registry.npmjs.org/tapable/-/tapable-2.2.0.tgz",
			"integrity": "sha512-FBk4IesMV1rBxX2tfiK8RAmogtWn53puLOQlvO8XuwlgxcYbP4mVPS9Ph4aeamSyyVjOl24aYWAuc8U5kCVwMw=="
		},
		"terser": {
			"version": "5.6.1",
			"resolved": "https://registry.npmjs.org/terser/-/terser-5.6.1.tgz",
			"integrity": "sha512-yv9YLFQQ+3ZqgWCUk+pvNJwgUTdlIxUk1WTN+RnaFJe2L7ipG2csPT0ra2XRm7Cs8cxN7QXmK1rFzEwYEQkzXw==",
			"requires": {
				"commander": "^2.20.0",
				"source-map": "~0.7.2",
				"source-map-support": "~0.5.19"
			},
			"dependencies": {
				"source-map": {
					"version": "0.7.3",
					"resolved": "https://registry.npmjs.org/source-map/-/source-map-0.7.3.tgz",
					"integrity": "sha512-CkCj6giN3S+n9qrYiBTX5gystlENnRW5jZeNLHpe6aue+SrHcG5VYwujhW9s4dY31mEGsxBDrHR6oI69fTXsaQ=="
				}
			}
		},
		"terser-webpack-plugin": {
			"version": "5.1.1",
			"resolved": "https://registry.npmjs.org/terser-webpack-plugin/-/terser-webpack-plugin-5.1.1.tgz",
			"integrity": "sha512-5XNNXZiR8YO6X6KhSGXfY0QrGrCRlSwAEjIIrlRQR4W8nP69TaJUlh3bkuac6zzgspiGPfKEHcY295MMVExl5Q==",
			"requires": {
				"jest-worker": "^26.6.2",
				"p-limit": "^3.1.0",
				"schema-utils": "^3.0.0",
				"serialize-javascript": "^5.0.1",
				"source-map": "^0.6.1",
				"terser": "^5.5.1"
			}
		},
		"uri-js": {
			"version": "4.4.1",
			"resolved": "https://registry.npmjs.org/uri-js/-/uri-js-4.4.1.tgz",
			"integrity": "sha512-7rKUyy33Q1yc98pQ1DAmLtwX109F7TIfWlW1Ydo8Wl1ii1SeHieeh0HHfPeL2fMXK6z0s8ecKs9frCuLJvndBg==",
			"requires": {
				"punycode": "^2.1.0"
			}
		},
		"watchpack": {
			"version": "2.1.1",
			"resolved": "https://registry.npmjs.org/watchpack/-/watchpack-2.1.1.tgz",
			"integrity": "sha512-Oo7LXCmc1eE1AjyuSBmtC3+Wy4HcV8PxWh2kP6fOl8yTlNS7r0K9l1ao2lrrUza7V39Y3D/BbJgY8VeSlc5JKw==",
			"requires": {
				"glob-to-regexp": "^0.4.1",
				"graceful-fs": "^4.1.2"
			}
		},
		"webpack": {
			"version": "5.31.2",
			"resolved": "https://registry.npmjs.org/webpack/-/webpack-5.31.2.tgz",
			"integrity": "sha512-0bCQe4ybo7T5Z0SC5axnIAH+1WuIdV4FwLYkaAlLtvfBhIx8bPS48WHTfiRZS1VM+pSiYt7e/rgLs3gLrH82lQ==",
			"requires": {
				"@types/eslint-scope": "^3.7.0",
				"@types/estree": "^0.0.46",
				"@webassemblyjs/ast": "1.11.0",
				"@webassemblyjs/wasm-edit": "1.11.0",
				"@webassemblyjs/wasm-parser": "1.11.0",
				"acorn": "^8.0.4",
				"browserslist": "^4.14.5",
				"chrome-trace-event": "^1.0.2",
				"enhanced-resolve": "^5.7.0",
				"es-module-lexer": "^0.4.0",
				"eslint-scope": "^5.1.1",
				"events": "^3.2.0",
				"glob-to-regexp": "^0.4.1",
				"graceful-fs": "^4.2.4",
				"json-parse-better-errors": "^1.0.2",
				"loader-runner": "^4.2.0",
				"mime-types": "^2.1.27",
				"neo-async": "^2.6.2",
				"schema-utils": "^3.0.0",
				"tapable": "^2.1.1",
				"terser-webpack-plugin": "^5.1.1",
				"watchpack": "^2.0.0",
				"webpack-sources": "^2.1.1"
			}
		},
		"webpack-sources": {
			"version": "2.2.0",
			"resolved": "https://registry.npmjs.org/webpack-sources/-/webpack-sources-2.2.0.tgz",
			"integrity": "sha512-bQsA24JLwcnWGArOKUxYKhX3Mz/nK1Xf6hxullKERyktjNMC4x8koOeaDNTA2fEJ09BdWLbM/iTW0ithREUP0w==",
			"requires": {
				"source-list-map": "^2.0.1",
				"source-map": "^0.6.1"
			}
		},
		"yaml": {
			"version": "1.10.2",
			"resolved": "https://registry.npmjs.org/yaml/-/yaml-1.10.2.tgz",
			"integrity": "sha512-r3vXyErRCYJ7wg28yvBY5VSoAF8ZvlcW9/BwUzEtUsjvX/DKs24dIkuwjtuprwJJHsbyUbLApepYTR1BN4uHrg=="
		},
		"yocto-queue": {
			"version": "0.1.0",
			"resolved": "https://registry.npmjs.org/yocto-queue/-/yocto-queue-0.1.0.tgz",
			"integrity": "sha512-rVksvsnNCdJ/ohGc6xgPwyN8eheCxsiLM8mxuE/t/mOVqJewPuO1miLpTHQiRgTKCLexL4MeAFVagts7HmNZ2Q=="
		}
	}
}
